{
  "version": 4,
  "terraform_version": "1.11.0",
  "serial": 21,
  "lineage": "ce8128c1-2332-97ab-f7b1-b0c6d82824b9",
  "outputs": {
    "kubernetes_cluster_id": {
      "value": "projects/windy-gearbox-451911-s2/locations/us-east1/clusters/devops-cluster",
      "type": "string"
    },
    "kubernetes_endpoint": {
      "value": "35.185.22.106",
      "type": "string"
    }
  },
  "resources": [
    {
      "mode": "managed",
      "type": "google_container_cluster",
      "name": "primary",
      "provider": "provider[\"registry.terraform.io/hashicorp/google\"]",
      "instances": [
        {
          "schema_version": 2,
          "attributes": {
            "addons_config": [
              {
                "cloudrun_config": [],
                "config_connector_config": [],
                "dns_cache_config": [],
                "gce_persistent_disk_csi_driver_config": [
                  {
                    "enabled": true
                  }
                ],
                "gcp_filestore_csi_driver_config": [],
                "gcs_fuse_csi_driver_config": [],
                "gke_backup_agent_config": [],
                "horizontal_pod_autoscaling": [],
                "http_load_balancing": [],
                "network_policy_config": [
                  {
                    "disabled": true
                  }
                ],
                "parallelstore_csi_driver_config": [],
                "ray_operator_config": [],
                "stateful_ha_config": []
              }
            ],
            "allow_net_admin": null,
            "authenticator_groups_config": [],
            "binary_authorization": [
              {
                "enabled": false,
                "evaluation_mode": ""
              }
            ],
            "cluster_autoscaling": [
              {
                "auto_provisioning_defaults": [],
                "auto_provisioning_locations": [],
                "autoscaling_profile": "BALANCED",
                "enabled": false,
                "resource_limits": []
              }
            ],
            "cluster_ipv4_cidr": "10.64.0.0/14",
            "confidential_nodes": [],
            "control_plane_endpoints_config": [
              {
                "dns_endpoint_config": [
                  {
                    "allow_external_traffic": false,
                    "endpoint": "gke-64c47a5e08884d29a4d0c9e4ea071ee7abfe-310925744781.us-east1.gke.goog"
                  }
                ]
              }
            ],
            "cost_management_config": [],
            "database_encryption": [
              {
                "key_name": "",
                "state": "DECRYPTED"
              }
            ],
            "datapath_provider": "",
            "default_max_pods_per_node": 110,
            "default_snat_status": [
              {
                "disabled": false
              }
            ],
            "deletion_protection": false,
            "description": "",
            "dns_config": [],
            "effective_labels": {
              "goog-terraform-provisioned": "true"
            },
            "enable_autopilot": false,
            "enable_cilium_clusterwide_network_policy": false,
            "enable_fqdn_network_policy": false,
            "enable_intranode_visibility": false,
            "enable_k8s_beta_apis": [],
            "enable_kubernetes_alpha": false,
            "enable_l4_ilb_subsetting": false,
            "enable_legacy_abac": false,
            "enable_multi_networking": false,
            "enable_shielded_nodes": true,
            "enable_tpu": false,
            "endpoint": "35.185.22.106",
            "enterprise_config": [
              {
                "cluster_tier": "STANDARD",
                "desired_tier": ""
              }
            ],
            "fleet": [],
            "gateway_api_config": [],
            "id": "projects/windy-gearbox-451911-s2/locations/us-east1/clusters/devops-cluster",
            "identity_service_config": [],
            "initial_node_count": 1,
            "ip_allocation_policy": [
              {
                "additional_pod_ranges_config": [],
                "cluster_ipv4_cidr_block": "10.64.0.0/14",
                "cluster_secondary_range_name": "gke-devops-cluster-pods-64c47a5e",
                "pod_cidr_overprovision_config": [
                  {
                    "disabled": false
                  }
                ],
                "services_ipv4_cidr_block": "34.118.224.0/20",
                "services_secondary_range_name": "",
                "stack_type": "IPV4"
              }
            ],
            "label_fingerprint": "78cdf2f6",
            "location": "us-east1",
            "logging_config": [
              {
                "enable_components": [
                  "SYSTEM_COMPONENTS",
                  "WORKLOADS"
                ]
              }
            ],
            "logging_service": "logging.googleapis.com/kubernetes",
            "maintenance_policy": [],
            "master_auth": [
              {
                "client_certificate": "",
                "client_certificate_config": [
                  {
                    "issue_client_certificate": false
                  }
                ],
                "client_key": "",
                "cluster_ca_certificate": "LS0tLS1CRUdJTiBDRVJUSUZJQ0FURS0tLS0tCk1JSUVMVENDQXBXZ0F3SUJBZ0lSQUt6VjRkYlIzaTl0WlJzemxFTlRUU1V3RFFZSktvWklodmNOQVFFTEJRQXcKTHpFdE1Dc0dBMVVFQXhNa05qQTVORGd6T0dVdE1UVTVZaTAwTkdSbExUazBPREF0TVRSbE1qYzNOV0ZpWm1ReApNQ0FYRFRJMU1EUXdNVEUwTXpNek9Wb1lEekl3TlRVd016STFNVFV6TXpNNVdqQXZNUzB3S3dZRFZRUURFeVEyCk1EazBPRE00WlMweE5UbGlMVFEwWkdVdE9UUTRNQzB4TkdVeU56YzFZV0ptWkRFd2dnR2lNQTBHQ1NxR1NJYjMKRFFFQkFRVUFBNElCandBd2dnR0tBb0lCZ1FEaVduSTJYUUc0LzV1QzBoSENtcUUycVZZUE5qK0FaUXhzb2JKRQp5dnoybnNtZWVpMmtweFFXcVp6dnJZN1Jhc3RwTXJLNTN1aE5YdHpqcVJrR1VET3RHNEcyVEFsRTdnTGQvY1J1ClF5WHUyUmEwSE1TZVN0ZElveHJtYTMwVEt4MExPYmlsZGppVXh3R1gvbUFCcEpJTmJrSldQVFFuYjBpVFV3QU8KTFNGcXVkaitXUHZqQkRaZSt0Y1BkYml1b0RCMFFjSzZpcStVQnUyYVJ5VmlHbzFqU3hUeVNJbmZCdlU5RXlqSApmSUl0dm5uU3h5dzcyUGNVMy9PRENhdlVqS3hYOFBCdWFueUVkeHMxRTM2dnEvbHFjdEtSQy9pNDZyeDlQSmEzClMyQ1hMK20wQ3pIZVEzdUREa3ZIUmpYUEd2WnVUZ0JQTlZGdjNEUmVVOXBKT0U0Y1RYYVdyVTN5QnN1MVhnOWkKVlZTWGkycGJuWVNSTVhXVy9NUzZIb1pCVFJ5ekowaHNYMWQ4S0V5eXQ3aU1pakx1SzRwU1JtaStjelhwN3JGZApqVDhvK1hzcy9CdkRZd2lNWjhEdkVlbU8wTTdXOEJuRmdKeWxoTjZReTNrbzl1eWFQcDN1dUZWMGZ1a3dHMWJCCkM1MDlXSG1nUlhoTnFmckthQVFZK3ZKaFJVY0NBd0VBQWFOQ01FQXdEZ1lEVlIwUEFRSC9CQVFEQWdJRU1BOEcKQTFVZEV3RUIvd1FGTUFNQkFmOHdIUVlEVlIwT0JCWUVGUDJtVkpKMkpOcE1qWk9PRjVKaWk1NDFialJpTUEwRwpDU3FHU0liM0RRRUJDd1VBQTRJQmdRQmpXb3N1WEFDWjBXVzR1VXZTdkRZaFRaSEsvZzVweGptYlFVcnlIYnZZCm1uc25mcUZrNVMxZ3M0S2lsL0U2bFVLT0VsSmliUmVNdHhXcHd3WFU3OGViODh1ZkpQVENmVDBBNkIzajhZNy8KRHVXNnB3cmFNR001dTI0SEFRNnQzNUdhcFZMSm1JZHdkbWhLcEc4aHNZQ3ZOOWF6K1RDdkFlUXhtSXk3SzVicAp1UUptc1pVc2MxWUh3MWJtaHZUL3BTMkJySE92OFFOTE50WDZveUJmSS9sMFZkVk95NkVWNGRnVlZCWERmcEtrCldlb0VNZUJPcURaaTB1elhDVmp6N0E0Nk8zRExjV29rQjEzT1FqdGJ0WlFtcUJaSzZyV09NV1E5MzNqQklQN3AKQzhab3dsYTBWNXluRi9wNGdIckhwcFEyK3lnR1NMRkFFa1J3YkQyUjZ4TUhCZ0Y1cWtKTXBkSW5kc3FlMzBrYwo5Vk5qR092aUNSaFk1M013VExaSGtJSUxpQklCR3R2TXRWeWRza3I3SUhWNXdEZDR6bERXZGFsdlhEZHNTSEVZCjV2YUtLUTdVTVJvQTZhd1FsTUswNHQrcC9vcjVkYUZ6SjdxeFhKdUQ0OUVPVU05NHdRMVpOVXRJMThrWU1MYSsKc29iNXNWeGZUc2NTdkx2RjE5Wm5LQTQ9Ci0tLS0tRU5EIENFUlRJRklDQVRFLS0tLS0K"
              }
            ],
            "master_authorized_networks_config": [],
            "master_version": "1.31.6-gke.1020000",
            "mesh_certificates": [],
            "min_master_version": null,
            "monitoring_config": [
              {
                "advanced_datapath_observability_config": [
                  {
                    "enable_metrics": false,
                    "enable_relay": false
                  }
                ],
                "enable_components": [
                  "SYSTEM_COMPONENTS",
                  "DEPLOYMENT",
                  "STATEFULSET",
                  "STORAGE",
                  "HPA",
                  "POD",
                  "DAEMONSET",
                  "CADVISOR",
                  "KUBELET"
                ],
                "managed_prometheus": [
                  {
                    "enabled": true
                  }
                ]
              }
            ],
            "monitoring_service": "monitoring.googleapis.com/kubernetes",
            "name": "devops-cluster",
            "network": "projects/windy-gearbox-451911-s2/global/networks/default",
            "network_policy": [
              {
                "enabled": false,
                "provider": "PROVIDER_UNSPECIFIED"
              }
            ],
            "networking_mode": "VPC_NATIVE",
            "node_config": [],
            "node_locations": [
              "us-east1-b",
              "us-east1-c",
              "us-east1-d"
            ],
            "node_pool": [],
            "node_pool_auto_config": [],
            "node_pool_defaults": [
              {
                "node_config_defaults": [
                  {
                    "containerd_config": [],
                    "gcfs_config": [],
                    "insecure_kubelet_readonly_port_enabled": "FALSE",
                    "logging_variant": "DEFAULT"
                  }
                ]
              }
            ],
            "node_version": "1.31.6-gke.1020000",
            "notification_config": [
              {
                "pubsub": [
                  {
                    "enabled": false,
                    "filter": [],
                    "topic": ""
                  }
                ]
              }
            ],
            "operation": null,
            "private_cluster_config": [
              {
                "enable_private_endpoint": false,
                "enable_private_nodes": false,
                "master_global_access_config": [
                  {
                    "enabled": false
                  }
                ],
                "master_ipv4_cidr_block": "",
                "peering_name": "",
                "private_endpoint": "10.142.0.51",
                "private_endpoint_subnetwork": "",
                "public_endpoint": "35.185.22.106"
              }
            ],
            "private_ipv6_google_access": "",
            "project": "windy-gearbox-451911-s2",
            "release_channel": [
              {
                "channel": "REGULAR"
              }
            ],
            "remove_default_node_pool": true,
            "resource_labels": null,
            "resource_usage_export_config": [],
            "secret_manager_config": [
              {
                "enabled": false
              }
            ],
            "security_posture_config": [
              {
                "mode": "BASIC",
                "vulnerability_mode": "VULNERABILITY_MODE_UNSPECIFIED"
              }
            ],
            "self_link": "https://container.googleapis.com/v1/projects/windy-gearbox-451911-s2/locations/us-east1/clusters/devops-cluster",
            "service_external_ips_config": [
              {
                "enabled": false
              }
            ],
            "services_ipv4_cidr": "34.118.224.0/20",
            "subnetwork": "projects/windy-gearbox-451911-s2/regions/us-east1/subnetworks/default",
            "terraform_labels": {
              "goog-terraform-provisioned": "true"
            },
            "timeouts": null,
            "tpu_ipv4_cidr_block": "",
            "user_managed_keys_config": [],
            "vertical_pod_autoscaling": [],
            "workload_identity_config": []
          },
          "sensitive_attributes": [
            [
              {
                "type": "get_attr",
                "value": "master_auth"
              },
              {
                "type": "index",
                "value": {
                  "value": 0,
                  "type": "number"
                }
              },
              {
                "type": "get_attr",
                "value": "client_key"
              }
            ]
          ],
          "private": "eyJlMmJmYjczMC1lY2FhLTExZTYtOGY4OC0zNDM2M2JjN2M0YzAiOnsiY3JlYXRlIjoyNDAwMDAwMDAwMDAwLCJkZWxldGUiOjI0MDAwMDAwMDAwMDAsInJlYWQiOjI0MDAwMDAwMDAwMDAsInVwZGF0ZSI6MzYwMDAwMDAwMDAwMH0sInNjaGVtYV92ZXJzaW9uIjoiMiJ9"
        }
      ]
    },
    {
      "mode": "managed",
      "type": "google_container_node_pool",
      "name": "primary_nodes",
      "provider": "provider[\"registry.terraform.io/hashicorp/google\"]",
      "instances": [
        {
          "schema_version": 1,
          "attributes": {
            "autoscaling": [],
            "cluster": "devops-cluster",
            "id": "projects/windy-gearbox-451911-s2/locations/us-east1/clusters/devops-cluster/nodePools/primary-node-pool",
            "initial_node_count": 1,
            "instance_group_urls": [
              "https://www.googleapis.com/compute/v1/projects/windy-gearbox-451911-s2/zones/us-east1-d/instanceGroupManagers/gke-devops-cluster-primary-node-pool-e9032632-grp",
              "https://www.googleapis.com/compute/v1/projects/windy-gearbox-451911-s2/zones/us-east1-b/instanceGroupManagers/gke-devops-cluster-primary-node-pool-7fe3898e-grp",
              "https://www.googleapis.com/compute/v1/projects/windy-gearbox-451911-s2/zones/us-east1-c/instanceGroupManagers/gke-devops-cluster-primary-node-pool-87793c75-grp"
            ],
            "location": "us-east1",
            "managed_instance_group_urls": [
              "https://www.googleapis.com/compute/v1/projects/windy-gearbox-451911-s2/zones/us-east1-d/instanceGroups/gke-devops-cluster-primary-node-pool-e9032632-grp",
              "https://www.googleapis.com/compute/v1/projects/windy-gearbox-451911-s2/zones/us-east1-b/instanceGroups/gke-devops-cluster-primary-node-pool-7fe3898e-grp",
              "https://www.googleapis.com/compute/v1/projects/windy-gearbox-451911-s2/zones/us-east1-c/instanceGroups/gke-devops-cluster-primary-node-pool-87793c75-grp"
            ],
            "management": [
              {
                "auto_repair": true,
                "auto_upgrade": true
              }
            ],
            "max_pods_per_node": 110,
            "name": "primary-node-pool",
            "name_prefix": "",
            "network_config": [
              {
                "additional_node_network_configs": [],
                "additional_pod_network_configs": [],
                "create_pod_range": false,
                "enable_private_nodes": false,
                "network_performance_config": [],
                "pod_cidr_overprovision_config": [],
                "pod_ipv4_cidr_block": "10.64.0.0/14",
                "pod_range": "gke-devops-cluster-pods-64c47a5e"
              }
            ],
            "node_config": [
              {
                "advanced_machine_features": [],
                "boot_disk_kms_key": "",
                "confidential_nodes": [],
                "containerd_config": [],
                "disk_size_gb": 20,
                "disk_type": "pd-balanced",
                "effective_taints": [],
                "enable_confidential_storage": false,
                "ephemeral_storage_local_ssd_config": [],
                "fast_socket": [],
                "gcfs_config": [],
                "guest_accelerator": [],
                "gvnic": [],
                "host_maintenance_policy": [],
                "image_type": "COS_CONTAINERD",
                "kubelet_config": [
                  {
                    "allowed_unsafe_sysctls": [],
                    "container_log_max_files": 0,
                    "container_log_max_size": "",
                    "cpu_cfs_quota": false,
                    "cpu_cfs_quota_period": "",
                    "cpu_manager_policy": "",
                    "image_gc_high_threshold_percent": 0,
                    "image_gc_low_threshold_percent": 0,
                    "image_maximum_gc_age": "",
                    "image_minimum_gc_age": "",
                    "insecure_kubelet_readonly_port_enabled": "TRUE",
                    "pod_pids_limit": 0
                  }
                ],
                "labels": {},
                "linux_node_config": [],
                "local_nvme_ssd_block_config": [],
                "local_ssd_count": 0,
                "local_ssd_encryption_mode": "",
                "logging_variant": "DEFAULT",
                "machine_type": "e2-medium",
                "max_run_duration": "",
                "metadata": {
                  "disable-legacy-endpoints": "true"
                },
                "min_cpu_platform": "",
                "node_group": "",
                "oauth_scopes": [
                  "https://www.googleapis.com/auth/devstorage.read_only",
                  "https://www.googleapis.com/auth/logging.write",
                  "https://www.googleapis.com/auth/monitoring",
                  "https://www.googleapis.com/auth/service.management.readonly",
                  "https://www.googleapis.com/auth/servicecontrol",
                  "https://www.googleapis.com/auth/trace.append"
                ],
                "preemptible": false,
                "reservation_affinity": [],
                "resource_labels": {
                  "goog-gke-node-pool-provisioning-model": "on-demand"
                },
                "resource_manager_tags": null,
                "secondary_boot_disks": [],
                "service_account": "default",
                "shielded_instance_config": [
                  {
                    "enable_integrity_monitoring": true,
                    "enable_secure_boot": false
                  }
                ],
                "sole_tenant_config": [],
                "spot": false,
                "storage_pools": null,
                "tags": null,
                "taint": [],
                "workload_metadata_config": []
              }
            ],
            "node_count": 1,
            "node_locations": [
              "us-east1-b",
              "us-east1-c",
              "us-east1-d"
            ],
            "operation": null,
            "placement_policy": [],
            "project": "windy-gearbox-451911-s2",
            "queued_provisioning": [],
            "timeouts": null,
            "upgrade_settings": [
              {
                "blue_green_settings": [],
                "max_surge": 1,
                "max_unavailable": 0,
                "strategy": "SURGE"
              }
            ],
            "version": "1.31.6-gke.1020000"
          },
          "sensitive_attributes": [],
          "private": "eyJlMmJmYjczMC1lY2FhLTExZTYtOGY4OC0zNDM2M2JjN2M0YzAiOnsiY3JlYXRlIjoxODAwMDAwMDAwMDAwLCJkZWxldGUiOjE4MDAwMDAwMDAwMDAsInVwZGF0ZSI6MTgwMDAwMDAwMDAwMH0sInNjaGVtYV92ZXJzaW9uIjoiMSJ9",
          "dependencies": [
            "google_container_cluster.primary"
          ]
        }
      ]
    }
  ],
  "check_results": null
}
