{
  "version": 4,
  "terraform_version": "1.11.0",
  "serial": 18,
  "lineage": "ce8128c1-2332-97ab-f7b1-b0c6d82824b9",
  "outputs": {
    "kubernetes_cluster_id": {
      "value": "projects/windy-gearbox-451911-s2/locations/us-east1/clusters/devops-cluster",
      "type": "string"
    },
    "kubernetes_endpoint": {
      "value": "34.74.193.77",
      "type": "string"
    }
  },
  "resources": [
    {
      "mode": "managed",
      "type": "google_container_cluster",
      "name": "primary",
      "provider": "provider[\"registry.terraform.io/hashicorp/google\"]",
      "instances": [
        {
          "schema_version": 2,
          "attributes": {
            "addons_config": [
              {
                "cloudrun_config": [],
                "config_connector_config": [],
                "dns_cache_config": [],
                "gce_persistent_disk_csi_driver_config": [
                  {
                    "enabled": true
                  }
                ],
                "gcp_filestore_csi_driver_config": [],
                "gcs_fuse_csi_driver_config": [],
                "gke_backup_agent_config": [],
                "horizontal_pod_autoscaling": [],
                "http_load_balancing": [],
                "network_policy_config": [
                  {
                    "disabled": true
                  }
                ],
                "parallelstore_csi_driver_config": [],
                "ray_operator_config": [],
                "stateful_ha_config": []
              }
            ],
            "allow_net_admin": null,
            "authenticator_groups_config": [],
            "binary_authorization": [
              {
                "enabled": false,
                "evaluation_mode": ""
              }
            ],
            "cluster_autoscaling": [
              {
                "auto_provisioning_defaults": [],
                "auto_provisioning_locations": [],
                "autoscaling_profile": "BALANCED",
                "enabled": false,
                "resource_limits": []
              }
            ],
            "cluster_ipv4_cidr": "10.64.0.0/14",
            "confidential_nodes": [],
            "control_plane_endpoints_config": [
              {
                "dns_endpoint_config": [
                  {
                    "allow_external_traffic": false,
                    "endpoint": "gke-978b3eb8aebc4d3ebead14265378de744e6b-310925744781.us-east1.gke.goog"
                  }
                ]
              }
            ],
            "cost_management_config": [],
            "database_encryption": [
              {
                "key_name": "",
                "state": "DECRYPTED"
              }
            ],
            "datapath_provider": "",
            "default_max_pods_per_node": 110,
            "default_snat_status": [
              {
                "disabled": false
              }
            ],
            "deletion_protection": false,
            "description": "",
            "dns_config": [],
            "effective_labels": {
              "goog-terraform-provisioned": "true"
            },
            "enable_autopilot": false,
            "enable_cilium_clusterwide_network_policy": false,
            "enable_fqdn_network_policy": false,
            "enable_intranode_visibility": false,
            "enable_k8s_beta_apis": [],
            "enable_kubernetes_alpha": false,
            "enable_l4_ilb_subsetting": false,
            "enable_legacy_abac": false,
            "enable_multi_networking": false,
            "enable_shielded_nodes": true,
            "enable_tpu": false,
            "endpoint": "34.74.193.77",
            "enterprise_config": [
              {
                "cluster_tier": "STANDARD",
                "desired_tier": ""
              }
            ],
            "fleet": [],
            "gateway_api_config": [],
            "id": "projects/windy-gearbox-451911-s2/locations/us-east1/clusters/devops-cluster",
            "identity_service_config": [],
            "initial_node_count": 1,
            "ip_allocation_policy": [
              {
                "additional_pod_ranges_config": [],
                "cluster_ipv4_cidr_block": "10.64.0.0/14",
                "cluster_secondary_range_name": "gke-devops-cluster-pods-978b3eb8",
                "pod_cidr_overprovision_config": [
                  {
                    "disabled": false
                  }
                ],
                "services_ipv4_cidr_block": "34.118.224.0/20",
                "services_secondary_range_name": "",
                "stack_type": "IPV4"
              }
            ],
            "label_fingerprint": "78cdf2f6",
            "location": "us-east1",
            "logging_config": [
              {
                "enable_components": [
                  "SYSTEM_COMPONENTS",
                  "WORKLOADS"
                ]
              }
            ],
            "logging_service": "logging.googleapis.com/kubernetes",
            "maintenance_policy": [],
            "master_auth": [
              {
                "client_certificate": "",
                "client_certificate_config": [
                  {
                    "issue_client_certificate": false
                  }
                ],
                "client_key": "",
                "cluster_ca_certificate": "LS0tLS1CRUdJTiBDRVJUSUZJQ0FURS0tLS0tCk1JSUVMRENDQXBTZ0F3SUJBZ0lRY3ZLN2N1MXBWZlM2MXZTNzg4dFh1VEFOQmdrcWhraUc5dzBCQVFzRkFEQXYKTVMwd0t3WURWUVFERXlSa00yTXlORFZsWWkwME5HRXpMVFJpTWpjdE9UUTVaaTAyTkRVM1ptTTROMlkwWkRjdwpJQmNOTWpVd016QTJNVEl6TVRRMldoZ1BNakExTlRBeU1qY3hNek14TkRaYU1DOHhMVEFyQmdOVkJBTVRKR1F6Cll6STBOV1ZpTFRRMFlUTXROR0l5TnkwNU5EbG1MVFkwTlRkbVl6ZzNaalJrTnpDQ0FhSXdEUVlKS29aSWh2Y04KQVFFQkJRQURnZ0dQQURDQ0FZb0NnZ0dCQU05enlwSnp2c2JoWmptTXRTU0dEb1ZsUU1PaFRuUnhXYmxCMWx6LwpFRTBFTk9nUmFEK0VoTUtIR3l0S3l1T3JaNGdkQTQvdXJBMS9OTis4eHd6ZDhPeDJQMVJqejJUUU00SzZoSEk1Cm5BT25GOUlCNkFNV3ovOEpMVFRmZ3hpVHlzRVFieVRCZGxxMTV4Yk9iM3FkTDlsSlZhei9KSmNPcTlQeGRudkgKMUZoZnFsT0NRUHRDVWJPN1p6SU1pZjZSaGhEUDhoWVB2TGswM1dvSlpQYk5hK0dPZ2N2K250VTJIYTVvOWEyLwp6Z3NNUWZvWEg4STlRL21YUklVS0grVktnRHZZMEhJenUyUnZvTi9LYUoxYTgwMmlLNnFrNm1BU282aFYzWnlmCmlMSEdTU2pCd3paZi9GajNXMjFlSzV5UG1IcXdlYnJVQnpKNTJreVhTd2V2TmFESldiU2lUZnhYWHhrTENldFQKMFhkOWVNWFUwUWRQZjRDaXMyK0dJNndENVhwT0hmT3FhcURlWkRYOFppU3YxM0RtbTFFZUhjQ3d1WDl4c0hDRQpKZk5xMjdCckpSNVNLaUpXMWEybFlaRENNcDJZWldvSzNwaFFZWTl4dENYVndFK2RzUkNEUHU2UHFNWUV6REtkCjMrbzhrWHA0Z25jNjk3N2JrczhKUHB4WUZRSURBUUFCbzBJd1FEQU9CZ05WSFE4QkFmOEVCQU1DQWdRd0R3WUQKVlIwVEFRSC9CQVV3QXdFQi96QWRCZ05WSFE0RUZnUVVvdXBLWXFLandMR1RJbWlLc05nb3lqQzh5aUF3RFFZSgpLb1pJaHZjTkFRRUxCUUFEZ2dHQkFBbFkrY2JwZ2tzcFBaMmUzWFBObWRQelJCZEJPekphTjBsc1lwZEtJTElzCkpIOWp2eUdvMStTREhaSHh1Z3V3Ny9tN2VZakJySllzT2V3R0pQaEI4VUk5a09kOCtUWDA5L2tSZWcwU2FpOWEKNnlzU1R5Z3N2RjhwbWd2TmVrNm1uaUNmTE1JdE0xcWRCYllxcjA1bDJLWmpBL0dRd3EyTTNFQ3k0alVpakY5RApDUm5ZSWhUaWJBdEt0cUVWd205UDFxcXpSdFIvYThKQmxFQ1FUL3JyMzVDNTdDRk9zekpBODA4bmdHKzV6dEtGClE0YmhEdTlONlJ2ZmxBZ3pOTUQxdGFBbG5zQ3ova1Z0RThQZThvUHNjQmhNZkxSMy9kWUlOQXZNVTl3UUVWbmIKcEUrWWlLUUgzcGFvb0RMV2Rod0U4Rm9QY2NSejBxUHoyVnJnOUtuQVRwM2RrUDRnUmpXMW9XQTJUMkdmbkxOSQpJNldibTUzd0xnRDRKQWM1WUFtdG9heHVLZEdxb21PWTlJR3BzT2M3RjA2ZUEybmx3Nit1Vk1PalEvZmYyVVorCndTUXdwUlF3RXdFUjkwWjd3azVneFE3enhYL24rN1NXbUNSOHl5em83WTZCMzUxTTNIai93VENFczJuWFBsdW4KdlJzRFhWV0xQVzZiV2Y4Q0NENzZFZz09Ci0tLS0tRU5EIENFUlRJRklDQVRFLS0tLS0K"
              }
            ],
            "master_authorized_networks_config": [],
            "master_version": "1.31.5-gke.1233000",
            "mesh_certificates": [],
            "min_master_version": null,
            "monitoring_config": [
              {
                "advanced_datapath_observability_config": [
                  {
                    "enable_metrics": false,
                    "enable_relay": false
                  }
                ],
                "enable_components": [
                  "SYSTEM_COMPONENTS",
                  "STATEFULSET",
                  "STORAGE",
                  "HPA",
                  "POD",
                  "DAEMONSET",
                  "DEPLOYMENT",
                  "CADVISOR",
                  "KUBELET"
                ],
                "managed_prometheus": [
                  {
                    "enabled": true
                  }
                ]
              }
            ],
            "monitoring_service": "monitoring.googleapis.com/kubernetes",
            "name": "devops-cluster",
            "network": "projects/windy-gearbox-451911-s2/global/networks/default",
            "network_policy": [
              {
                "enabled": false,
                "provider": "PROVIDER_UNSPECIFIED"
              }
            ],
            "networking_mode": "VPC_NATIVE",
            "node_config": [],
            "node_locations": [
              "us-east1-b",
              "us-east1-c",
              "us-east1-d"
            ],
            "node_pool": [],
            "node_pool_auto_config": [],
            "node_pool_defaults": [
              {
                "node_config_defaults": [
                  {
                    "containerd_config": [],
                    "gcfs_config": [],
                    "insecure_kubelet_readonly_port_enabled": "FALSE",
                    "logging_variant": "DEFAULT"
                  }
                ]
              }
            ],
            "node_version": "1.31.5-gke.1233000",
            "notification_config": [
              {
                "pubsub": [
                  {
                    "enabled": false,
                    "filter": [],
                    "topic": ""
                  }
                ]
              }
            ],
            "operation": null,
            "private_cluster_config": [
              {
                "enable_private_endpoint": false,
                "enable_private_nodes": false,
                "master_global_access_config": [
                  {
                    "enabled": false
                  }
                ],
                "master_ipv4_cidr_block": "",
                "peering_name": "",
                "private_endpoint": "10.142.0.11",
                "private_endpoint_subnetwork": "",
                "public_endpoint": "34.74.193.77"
              }
            ],
            "private_ipv6_google_access": "",
            "project": "windy-gearbox-451911-s2",
            "release_channel": [
              {
                "channel": "REGULAR"
              }
            ],
            "remove_default_node_pool": true,
            "resource_labels": null,
            "resource_usage_export_config": [],
            "secret_manager_config": [
              {
                "enabled": false
              }
            ],
            "security_posture_config": [
              {
                "mode": "BASIC",
                "vulnerability_mode": "VULNERABILITY_MODE_UNSPECIFIED"
              }
            ],
            "self_link": "https://container.googleapis.com/v1/projects/windy-gearbox-451911-s2/locations/us-east1/clusters/devops-cluster",
            "service_external_ips_config": [
              {
                "enabled": false
              }
            ],
            "services_ipv4_cidr": "34.118.224.0/20",
            "subnetwork": "projects/windy-gearbox-451911-s2/regions/us-east1/subnetworks/default",
            "terraform_labels": {
              "goog-terraform-provisioned": "true"
            },
            "timeouts": null,
            "tpu_ipv4_cidr_block": "",
            "user_managed_keys_config": [],
            "vertical_pod_autoscaling": [],
            "workload_identity_config": []
          },
          "sensitive_attributes": [
            [
              {
                "type": "get_attr",
                "value": "master_auth"
              },
              {
                "type": "index",
                "value": {
                  "value": 0,
                  "type": "number"
                }
              },
              {
                "type": "get_attr",
                "value": "client_key"
              }
            ]
          ],
          "private": "eyJlMmJmYjczMC1lY2FhLTExZTYtOGY4OC0zNDM2M2JjN2M0YzAiOnsiY3JlYXRlIjoyNDAwMDAwMDAwMDAwLCJkZWxldGUiOjI0MDAwMDAwMDAwMDAsInJlYWQiOjI0MDAwMDAwMDAwMDAsInVwZGF0ZSI6MzYwMDAwMDAwMDAwMH0sInNjaGVtYV92ZXJzaW9uIjoiMiJ9"
        }
      ]
    },
    {
      "mode": "managed",
      "type": "google_container_node_pool",
      "name": "primary_nodes",
      "provider": "provider[\"registry.terraform.io/hashicorp/google\"]",
      "instances": [
        {
          "schema_version": 1,
          "attributes": {
            "autoscaling": [],
            "cluster": "devops-cluster",
            "id": "projects/windy-gearbox-451911-s2/locations/us-east1/clusters/devops-cluster/nodePools/primary-node-pool",
            "initial_node_count": 1,
            "instance_group_urls": [
              "https://www.googleapis.com/compute/v1/projects/windy-gearbox-451911-s2/zones/us-east1-c/instanceGroupManagers/gke-devops-cluster-primary-node-pool-d7c4241e-grp",
              "https://www.googleapis.com/compute/v1/projects/windy-gearbox-451911-s2/zones/us-east1-b/instanceGroupManagers/gke-devops-cluster-primary-node-pool-0de35b57-grp",
              "https://www.googleapis.com/compute/v1/projects/windy-gearbox-451911-s2/zones/us-east1-d/instanceGroupManagers/gke-devops-cluster-primary-node-pool-fb97272f-grp"
            ],
            "location": "us-east1",
            "managed_instance_group_urls": [
              "https://www.googleapis.com/compute/v1/projects/windy-gearbox-451911-s2/zones/us-east1-c/instanceGroups/gke-devops-cluster-primary-node-pool-d7c4241e-grp",
              "https://www.googleapis.com/compute/v1/projects/windy-gearbox-451911-s2/zones/us-east1-b/instanceGroups/gke-devops-cluster-primary-node-pool-0de35b57-grp",
              "https://www.googleapis.com/compute/v1/projects/windy-gearbox-451911-s2/zones/us-east1-d/instanceGroups/gke-devops-cluster-primary-node-pool-fb97272f-grp"
            ],
            "management": [
              {
                "auto_repair": true,
                "auto_upgrade": true
              }
            ],
            "max_pods_per_node": 110,
            "name": "primary-node-pool",
            "name_prefix": "",
            "network_config": [
              {
                "additional_node_network_configs": [],
                "additional_pod_network_configs": [],
                "create_pod_range": false,
                "enable_private_nodes": false,
                "network_performance_config": [],
                "pod_cidr_overprovision_config": [],
                "pod_ipv4_cidr_block": "10.64.0.0/14",
                "pod_range": "gke-devops-cluster-pods-978b3eb8"
              }
            ],
            "node_config": [
              {
                "advanced_machine_features": [],
                "boot_disk_kms_key": "",
                "confidential_nodes": [],
                "containerd_config": [],
                "disk_size_gb": 20,
                "disk_type": "pd-balanced",
                "effective_taints": [],
                "enable_confidential_storage": false,
                "ephemeral_storage_local_ssd_config": [],
                "fast_socket": [],
                "gcfs_config": [],
                "guest_accelerator": [],
                "gvnic": [],
                "host_maintenance_policy": [],
                "image_type": "COS_CONTAINERD",
                "kubelet_config": [
                  {
                    "allowed_unsafe_sysctls": [],
                    "container_log_max_files": 0,
                    "container_log_max_size": "",
                    "cpu_cfs_quota": false,
                    "cpu_cfs_quota_period": "",
                    "cpu_manager_policy": "",
                    "image_gc_high_threshold_percent": 0,
                    "image_gc_low_threshold_percent": 0,
                    "image_maximum_gc_age": "",
                    "image_minimum_gc_age": "",
                    "insecure_kubelet_readonly_port_enabled": "TRUE",
                    "pod_pids_limit": 0
                  }
                ],
                "labels": {},
                "linux_node_config": [],
                "local_nvme_ssd_block_config": [],
                "local_ssd_count": 0,
                "local_ssd_encryption_mode": "",
                "logging_variant": "DEFAULT",
                "machine_type": "e2-medium",
                "max_run_duration": "",
                "metadata": {
                  "disable-legacy-endpoints": "true"
                },
                "min_cpu_platform": "",
                "node_group": "",
                "oauth_scopes": [
                  "https://www.googleapis.com/auth/devstorage.read_only",
                  "https://www.googleapis.com/auth/logging.write",
                  "https://www.googleapis.com/auth/monitoring",
                  "https://www.googleapis.com/auth/service.management.readonly",
                  "https://www.googleapis.com/auth/servicecontrol",
                  "https://www.googleapis.com/auth/trace.append"
                ],
                "preemptible": false,
                "reservation_affinity": [],
                "resource_labels": {
                  "goog-gke-node-pool-provisioning-model": "on-demand"
                },
                "resource_manager_tags": null,
                "secondary_boot_disks": [],
                "service_account": "default",
                "shielded_instance_config": [
                  {
                    "enable_integrity_monitoring": true,
                    "enable_secure_boot": false
                  }
                ],
                "sole_tenant_config": [],
                "spot": false,
                "storage_pools": null,
                "tags": null,
                "taint": [],
                "workload_metadata_config": []
              }
            ],
            "node_count": 1,
            "node_locations": [
              "us-east1-b",
              "us-east1-c",
              "us-east1-d"
            ],
            "operation": null,
            "placement_policy": [],
            "project": "windy-gearbox-451911-s2",
            "queued_provisioning": [],
            "timeouts": null,
            "upgrade_settings": [
              {
                "blue_green_settings": [],
                "max_surge": 1,
                "max_unavailable": 0,
                "strategy": "SURGE"
              }
            ],
            "version": "1.31.5-gke.1233000"
          },
          "sensitive_attributes": [],
          "private": "eyJlMmJmYjczMC1lY2FhLTExZTYtOGY4OC0zNDM2M2JjN2M0YzAiOnsiY3JlYXRlIjoxODAwMDAwMDAwMDAwLCJkZWxldGUiOjE4MDAwMDAwMDAwMDAsInVwZGF0ZSI6MTgwMDAwMDAwMDAwMH0sInNjaGVtYV92ZXJzaW9uIjoiMSJ9",
          "dependencies": [
            "google_container_cluster.primary"
          ]
        }
      ]
    }
  ],
  "check_results": null
}
